
Microsoft Visual Studio Solution File, Format Version 12.00
# Visual Studio Version 17
VisualStudioVersion = 17.7.34018.315
MinimumVisualStudioVersion = 10.0.40219.1
Project("{9A19103F-16F7-4668-BE54-9A1E7A4F7556}") = "ProjetoB3", "ProjetoB3\ProjetoB3.csproj", "{33803F98-1562-4BA7-9C26-39A60DFDE574}"
EndProject
Global
	GlobalSection(SolutionConfigurationPlatforms) = preSolution
		Debug|Any CPU = Debug|Any CPU
		Release|Any CPU = Release|Any CPU
	EndGlobalSection
	GlobalSection(ProjectConfigurationPlatforms) = postSolution
		{33803F98-1562-4BA7-9C26-39A60DFDE574}.Debug|Any CPU.ActiveCfg = Debug|Any CPU
		{33803F98-1562-4BA7-9C26-39A60DFDE574}.Debug|Any CPU.Build.0 = Debug|Any CPU
		{33803F98-1562-4BA7-9C26-39A60DFDE574}.Release|Any CPU.ActiveCfg = Release|Any CPU
		{33803F98-1562-4BA7-9C26-39A60DFDE574}.Release|Any CPU.Build.0 = Release|Any CPU
	EndGlobalSection
	GlobalSection(SolutionProperties) = preSolution
		HideSolutionNode = FALSE
	EndGlobalSection
	GlobalSection(ExtensibilityGlobals) = postSolution
		SolutionGuid = {C901946D-C5B7-4A9E-92C0-6B88A6484AB7}
	EndGlobalSection
EndGlobal
